
Microsoft Visual Studio Solution File, Format Version 12.00
# Visual Studio 14
VisualStudioVersion = 14.0.25420.1
MinimumVisualStudioVersion = 10.0.40219.1
Project("{FAE04EC0-301F-11D3-BF4B-00C04F79EFBC}") = "EazyE2E", "EazyE2E\EazyE2E.csproj", "{78498BC8-49D4-4E39-9973-858D37634CBE}"
EndProject
Project("{FAE04EC0-301F-11D3-BF4B-00C04F79EFBC}") = "EazyE2E.Console", "EazyE2E.Console\EazyE2E.Console.csproj", "{4516BF23-ABB6-4006-AF72-901CA32082BB}"
EndProject
Project("{FAE04EC0-301F-11D3-BF4B-00C04F79EFBC}") = "TestApplication", "TestApplication\TestApplication.csproj", "{22E0B960-86D3-4C16-BD0A-054C3FC02970}"
EndProject
Global
	GlobalSection(SolutionConfigurationPlatforms) = preSolution
		Debug|Any CPU = Debug|Any CPU
		Release|Any CPU = Release|Any CPU
	EndGlobalSection
	GlobalSection(ProjectConfigurationPlatforms) = postSolution
		{78498BC8-49D4-4E39-9973-858D37634CBE}.Debug|Any CPU.ActiveCfg = Debug|Any CPU
		{78498BC8-49D4-4E39-9973-858D37634CBE}.Debug|Any CPU.Build.0 = Debug|Any CPU
		{78498BC8-49D4-4E39-9973-858D37634CBE}.Release|Any CPU.ActiveCfg = Release|Any CPU
		{78498BC8-49D4-4E39-9973-858D37634CBE}.Release|Any CPU.Build.0 = Release|Any CPU
		{4516BF23-ABB6-4006-AF72-901CA32082BB}.Debug|Any CPU.ActiveCfg = Debug|Any CPU
		{4516BF23-ABB6-4006-AF72-901CA32082BB}.Debug|Any CPU.Build.0 = Debug|Any CPU
		{4516BF23-ABB6-4006-AF72-901CA32082BB}.Release|Any CPU.ActiveCfg = Release|Any CPU
		{4516BF23-ABB6-4006-AF72-901CA32082BB}.Release|Any CPU.Build.0 = Release|Any CPU
		{22E0B960-86D3-4C16-BD0A-054C3FC02970}.Debug|Any CPU.ActiveCfg = Debug|Any CPU
		{22E0B960-86D3-4C16-BD0A-054C3FC02970}.Debug|Any CPU.Build.0 = Debug|Any CPU
		{22E0B960-86D3-4C16-BD0A-054C3FC02970}.Release|Any CPU.ActiveCfg = Release|Any CPU
		{22E0B960-86D3-4C16-BD0A-054C3FC02970}.Release|Any CPU.Build.0 = Release|Any CPU
	EndGlobalSection
	GlobalSection(SolutionProperties) = preSolution
		HideSolutionNode = FALSE
	EndGlobalSection
EndGlobal
